
Microsoft Visual Studio Solution File, Format Version 12.00
# Visual Studio Version 17
VisualStudioVersion = 17.5.33424.131
MinimumVisualStudioVersion = 10.0.40219.1
Project("{8BC9CEB8-8B4A-11D0-8D11-00A0C91BC942}") = "paradigmaoop", "paradigmaoop\paradigmaoop.vcxproj", "{ADCD97EB-BD90-4761-804F-079D790CE584}"
EndProject
Project("{8BC9CEB8-8B4A-11D0-8D11-00A0C91BC942}") = "Asosiasi", "Asosiasi\Asosiasi.vcxproj", "{0923090F-C29E-4BCE-A7C7-D4B25517F0C4}"
EndProject
Project("{8BC9CEB8-8B4A-11D0-8D11-00A0C91BC942}") = "mainIA", "mainIA\mainIA.vcxproj", "{59CBA3BE-C846-4929-9008-04080A68F32C}"
EndProject
Project("{8BC9CEB8-8B4A-11D0-8D11-00A0C91BC942}") = "mainJM", "mainJM\mainJM.vcxproj", "{EFD2542E-4BC5-4244-BADD-A3D007901027}"
EndProject
Global
	GlobalSection(SolutionConfigurationPlatforms) = preSolution
		Debug|x64 = Debug|x64
		Debug|x86 = Debug|x86
		Release|x64 = Release|x64
		Release|x86 = Release|x86
	EndGlobalSection
	GlobalSection(ProjectConfigurationPlatforms) = postSolution
		{ADCD97EB-BD90-4761-804F-079D790CE584}.Debug|x64.ActiveCfg = Debug|x64
		{ADCD97EB-BD90-4761-804F-079D790CE584}.Debug|x64.Build.0 = Debug|x64
		{ADCD97EB-BD90-4761-804F-079D790CE584}.Debug|x86.ActiveCfg = Debug|Win32
		{ADCD97EB-BD90-4761-804F-079D790CE584}.Debug|x86.Build.0 = Debug|Win32
		{ADCD97EB-BD90-4761-804F-079D790CE584}.Release|x64.ActiveCfg = Release|x64
		{ADCD97EB-BD90-4761-804F-079D790CE584}.Release|x64.Build.0 = Release|x64
		{ADCD97EB-BD90-4761-804F-079D790CE584}.Release|x86.ActiveCfg = Release|Win32
		{ADCD97EB-BD90-4761-804F-079D790CE584}.Release|x86.Build.0 = Release|Win32
		{0923090F-C29E-4BCE-A7C7-D4B25517F0C4}.Debug|x64.ActiveCfg = Debug|x64
		{0923090F-C29E-4BCE-A7C7-D4B25517F0C4}.Debug|x64.Build.0 = Debug|x64
		{0923090F-C29E-4BCE-A7C7-D4B25517F0C4}.Debug|x86.ActiveCfg = Debug|Win32
		{0923090F-C29E-4BCE-A7C7-D4B25517F0C4}.Debug|x86.Build.0 = Debug|Win32
		{0923090F-C29E-4BCE-A7C7-D4B25517F0C4}.Release|x64.ActiveCfg = Release|x64
		{0923090F-C29E-4BCE-A7C7-D4B25517F0C4}.Release|x64.Build.0 = Release|x64
		{0923090F-C29E-4BCE-A7C7-D4B25517F0C4}.Release|x86.ActiveCfg = Release|Win32
		{0923090F-C29E-4BCE-A7C7-D4B25517F0C4}.Release|x86.Build.0 = Release|Win32
		{59CBA3BE-C846-4929-9008-04080A68F32C}.Debug|x64.ActiveCfg = Debug|x64
		{59CBA3BE-C846-4929-9008-04080A68F32C}.Debug|x64.Build.0 = Debug|x64
		{59CBA3BE-C846-4929-9008-04080A68F32C}.Debug|x86.ActiveCfg = Debug|Win32
		{59CBA3BE-C846-4929-9008-04080A68F32C}.Debug|x86.Build.0 = Debug|Win32
		{59CBA3BE-C846-4929-9008-04080A68F32C}.Release|x64.ActiveCfg = Release|x64
		{59CBA3BE-C846-4929-9008-04080A68F32C}.Release|x64.Build.0 = Release|x64
		{59CBA3BE-C846-4929-9008-04080A68F32C}.Release|x86.ActiveCfg = Release|Win32
		{59CBA3BE-C846-4929-9008-04080A68F32C}.Release|x86.Build.0 = Release|Win32
		{EFD2542E-4BC5-4244-BADD-A3D007901027}.Debug|x64.ActiveCfg = Debug|x64
		{EFD2542E-4BC5-4244-BADD-A3D007901027}.Debug|x64.Build.0 = Debug|x64
		{EFD2542E-4BC5-4244-BADD-A3D007901027}.Debug|x86.ActiveCfg = Debug|Win32
		{EFD2542E-4BC5-4244-BADD-A3D007901027}.Debug|x86.Build.0 = Debug|Win32
		{EFD2542E-4BC5-4244-BADD-A3D007901027}.Release|x64.ActiveCfg = Release|x64
		{EFD2542E-4BC5-4244-BADD-A3D007901027}.Release|x64.Build.0 = Release|x64
		{EFD2542E-4BC5-4244-BADD-A3D007901027}.Release|x86.ActiveCfg = Release|Win32
		{EFD2542E-4BC5-4244-BADD-A3D007901027}.Release|x86.Build.0 = Release|Win32
	EndGlobalSection
	GlobalSection(SolutionProperties) = preSolution
		HideSolutionNode = FALSE
	EndGlobalSection
	GlobalSection(ExtensibilityGlobals) = postSolution
		SolutionGuid = {01D87A05-7059-4501-AFCC-F17D0A773F0C}
	EndGlobalSection
EndGlobal
